
Microsoft Visual Studio Solution File, Format Version 12.00
# Visual Studio Version 17
VisualStudioVersion = 17.5.33424.131
MinimumVisualStudioVersion = 10.0.40219.1
Project("{FAE04EC0-301F-11D3-BF4B-00C04F79EFBC}") = "Ex1", "Ex1\Ex1.csproj", "{03BF9D3A-D9C9-4BD3-AC4C-1BEB55CB4688}"
EndProject
Global
	GlobalSection(SolutionConfigurationPlatforms) = preSolution
		Debug|Any CPU = Debug|Any CPU
		Release|Any CPU = Release|Any CPU
	EndGlobalSection
	GlobalSection(ProjectConfigurationPlatforms) = postSolution
		{03BF9D3A-D9C9-4BD3-AC4C-1BEB55CB4688}.Debug|Any CPU.ActiveCfg = Debug|Any CPU
		{03BF9D3A-D9C9-4BD3-AC4C-1BEB55CB4688}.Debug|Any CPU.Build.0 = Debug|Any CPU
		{03BF9D3A-D9C9-4BD3-AC4C-1BEB55CB4688}.Release|Any CPU.ActiveCfg = Release|Any CPU
		{03BF9D3A-D9C9-4BD3-AC4C-1BEB55CB4688}.Release|Any CPU.Build.0 = Release|Any CPU
	EndGlobalSection
	GlobalSection(SolutionProperties) = preSolution
		HideSolutionNode = FALSE
	EndGlobalSection
	GlobalSection(ExtensibilityGlobals) = postSolution
		SolutionGuid = {43F25916-0742-4DE2-B650-50314CE73731}
	EndGlobalSection
EndGlobal
