
Microsoft Visual Studio Solution File, Format Version 12.00
# Visual Studio Version 17
VisualStudioVersion = 17.9.34622.214
MinimumVisualStudioVersion = 10.0.40219.1
Project("{FAE04EC0-301F-11D3-BF4B-00C04F79EFBC}") = "Ex1", "Ex1\Ex1.csproj", "{4CFFC3EC-ED6D-4191-A7BB-E4F55C3C69D2}"
EndProject
Global
	GlobalSection(SolutionConfigurationPlatforms) = preSolution
		Debug|Any CPU = Debug|Any CPU
		Release|Any CPU = Release|Any CPU
	EndGlobalSection
	GlobalSection(ProjectConfigurationPlatforms) = postSolution
		{4CFFC3EC-ED6D-4191-A7BB-E4F55C3C69D2}.Debug|Any CPU.ActiveCfg = Debug|Any CPU
		{4CFFC3EC-ED6D-4191-A7BB-E4F55C3C69D2}.Debug|Any CPU.Build.0 = Debug|Any CPU
		{4CFFC3EC-ED6D-4191-A7BB-E4F55C3C69D2}.Release|Any CPU.ActiveCfg = Release|Any CPU
		{4CFFC3EC-ED6D-4191-A7BB-E4F55C3C69D2}.Release|Any CPU.Build.0 = Release|Any CPU
	EndGlobalSection
	GlobalSection(SolutionProperties) = preSolution
		HideSolutionNode = FALSE
	EndGlobalSection
	GlobalSection(ExtensibilityGlobals) = postSolution
		SolutionGuid = {FCE1480F-A0A1-444F-8983-4A931F9F485F}
	EndGlobalSection
EndGlobal
